
Microsoft Visual Studio Solution File, Format Version 12.00
# Visual Studio Version 16
VisualStudioVersion = 16.0.29911.84
MinimumVisualStudioVersion = 10.0.40219.1
Project("{8BC9CEB8-8B4A-11D0-8D11-00A0C91BC942}") = "GEMSPlayLibrary", "GEMSPlayLibrary\GEMSPlayLibrary.vcxproj", "{4361F676-0AB0-4DA0-A46A-D62C6C5FCC7E}"
EndProject
Project("{8BC9CEB8-8B4A-11D0-8D11-00A0C91BC942}") = "GEMSPlayClient", "GEMSPlayClient\GEMSPlayClient.vcxproj", "{006FB125-82A7-4F6D-B76D-B8C5A324B9A1}"
	ProjectSection(ProjectDependencies) = postProject
		{4361F676-0AB0-4DA0-A46A-D62C6C5FCC7E} = {4361F676-0AB0-4DA0-A46A-D62C6C5FCC7E}
	EndProjectSection
EndProject
Project("{8BC9CEB8-8B4A-11D0-8D11-00A0C91BC942}") = "GEMSPlay", "GEMSPlay\GEMSPlay.vcxproj", "{684616CC-B2A0-48D6-AF58-4B0A6971CF35}"
EndProject
Global
	GlobalSection(SolutionConfigurationPlatforms) = preSolution
		Debug|x64 = Debug|x64
		Debug|x86 = Debug|x86
		Release|x64 = Release|x64
		Release|x86 = Release|x86
	EndGlobalSection
	GlobalSection(ProjectConfigurationPlatforms) = postSolution
		{4361F676-0AB0-4DA0-A46A-D62C6C5FCC7E}.Debug|x64.ActiveCfg = Debug|x64
		{4361F676-0AB0-4DA0-A46A-D62C6C5FCC7E}.Debug|x64.Build.0 = Debug|x64
		{4361F676-0AB0-4DA0-A46A-D62C6C5FCC7E}.Debug|x86.ActiveCfg = Debug|Win32
		{4361F676-0AB0-4DA0-A46A-D62C6C5FCC7E}.Debug|x86.Build.0 = Debug|Win32
		{4361F676-0AB0-4DA0-A46A-D62C6C5FCC7E}.Release|x64.ActiveCfg = Release|x64
		{4361F676-0AB0-4DA0-A46A-D62C6C5FCC7E}.Release|x64.Build.0 = Release|x64
		{4361F676-0AB0-4DA0-A46A-D62C6C5FCC7E}.Release|x86.ActiveCfg = Release|Win32
		{4361F676-0AB0-4DA0-A46A-D62C6C5FCC7E}.Release|x86.Build.0 = Release|Win32
		{006FB125-82A7-4F6D-B76D-B8C5A324B9A1}.Debug|x64.ActiveCfg = Debug|x64
		{006FB125-82A7-4F6D-B76D-B8C5A324B9A1}.Debug|x64.Build.0 = Debug|x64
		{006FB125-82A7-4F6D-B76D-B8C5A324B9A1}.Debug|x86.ActiveCfg = Debug|Win32
		{006FB125-82A7-4F6D-B76D-B8C5A324B9A1}.Debug|x86.Build.0 = Debug|Win32
		{006FB125-82A7-4F6D-B76D-B8C5A324B9A1}.Release|x64.ActiveCfg = Release|x64
		{006FB125-82A7-4F6D-B76D-B8C5A324B9A1}.Release|x64.Build.0 = Release|x64
		{006FB125-82A7-4F6D-B76D-B8C5A324B9A1}.Release|x86.ActiveCfg = Release|Win32
		{006FB125-82A7-4F6D-B76D-B8C5A324B9A1}.Release|x86.Build.0 = Release|Win32
		{684616CC-B2A0-48D6-AF58-4B0A6971CF35}.Debug|x64.ActiveCfg = Debug|x64
		{684616CC-B2A0-48D6-AF58-4B0A6971CF35}.Debug|x64.Build.0 = Debug|x64
		{684616CC-B2A0-48D6-AF58-4B0A6971CF35}.Debug|x86.ActiveCfg = Debug|Win32
		{684616CC-B2A0-48D6-AF58-4B0A6971CF35}.Debug|x86.Build.0 = Debug|Win32
		{684616CC-B2A0-48D6-AF58-4B0A6971CF35}.Release|x64.ActiveCfg = Release|x64
		{684616CC-B2A0-48D6-AF58-4B0A6971CF35}.Release|x64.Build.0 = Release|x64
		{684616CC-B2A0-48D6-AF58-4B0A6971CF35}.Release|x86.ActiveCfg = Release|Win32
		{684616CC-B2A0-48D6-AF58-4B0A6971CF35}.Release|x86.Build.0 = Release|Win32
	EndGlobalSection
	GlobalSection(SolutionProperties) = preSolution
		HideSolutionNode = FALSE
	EndGlobalSection
	GlobalSection(ExtensibilityGlobals) = postSolution
		SolutionGuid = {7BE84A3F-51B6-47C9-9529-B11D49B708E8}
	EndGlobalSection
EndGlobal
